<?xml version="1.0" encoding="utf-8"?>
<Project ToolsVersion="4.0" xmlns="http://schemas.microsoft.com/developer/msbuild/2003">
  <ItemGroup>
    <Filter Include="Source Files">
      <UniqueIdentifier>{4FC737F1-C7A5-4376-A066-2A32D752A2FF}</UniqueIdentifier>
      <Extensions>cpp;cxx;c;def</Extensions>
    </Filter>
    <Filter Include="Header Files">
      <UniqueIdentifier>{93995380-89BD-4b04-88EB-625FBE52EBFB}</UniqueIdentifier>
      <Extensions>h</Extensions>
    </Filter>
    <Filter Include="Form Files">
      <UniqueIdentifier>{99349809-55BA-4b9d-BF79-8FDBB0286EB3}</UniqueIdentifier>
      <Extensions>ui</Extensions>
    </Filter>
    <Filter Include="Resource Files">
      <UniqueIdentifier>{D9D6E242-F8AF-46E4-B9FD-80ECBC20BA3E}</UniqueIdentifier>
      <Extensions>qrc;*</Extensions>
      <ParseFiles>false</ParseFiles>
    </Filter>
    <Filter Include="Generated Files">
      <UniqueIdentifier>{71ED8ED8-ACB9-4CE9-BBE1-E00B30144E11}</UniqueIdentifier>
      <Extensions>moc;h;cpp</Extensions>
      <SourceControlFiles>False</SourceControlFiles>
    </Filter>
    <Filter Include="Generated Files\Debug">
      <UniqueIdentifier>{c714f704-7164-44c1-a673-a32582f86023}</UniqueIdentifier>
      <Extensions>cpp;moc</Extensions>
      <SourceControlFiles>False</SourceControlFiles>
    </Filter>
    <Filter Include="Generated Files\Release">
      <UniqueIdentifier>{7fd82077-2f05-4d9d-b549-a1e04775448f}</UniqueIdentifier>
      <Extensions>cpp;moc</Extensions>
      <SourceControlFiles>False</SourceControlFiles>
    </Filter>
  </ItemGroup>
  <ItemGroup>
    <ClCompile Include="fm_main.cpp">
      <Filter>Source Files</Filter>
    </ClCompile>
    <ClCompile Include="business\fm_main_widget.cpp">
      <Filter>Source Files</Filter>
    </ClCompile>
    <ClCompile Include="GeneratedFiles\Debug\moc_fm_main_widget.cpp">
      <Filter>Generated Files\Debug</Filter>
    </ClCompile>
    <ClCompile Include="GeneratedFiles\Release\moc_fm_main_widget.cpp">
      <Filter>Generated Files\Release</Filter>
    </ClCompile>
    <ClCompile Include="business\fm_account_widget.cpp">
      <Filter>Source Files</Filter>
    </ClCompile>
    <ClCompile Include="GeneratedFiles\Debug\moc_fm_account_widget.cpp">
      <Filter>Generated Files\Debug</Filter>
    </ClCompile>
    <ClCompile Include="GeneratedFiles\Release\moc_fm_account_widget.cpp">
      <Filter>Generated Files\Release</Filter>
    </ClCompile>
    <ClCompile Include="ui\fm_content_widget.cpp">
      <Filter>Source Files</Filter>
    </ClCompile>
    <ClCompile Include="GeneratedFiles\Debug\moc_fm_tool_widget.cpp">
      <Filter>Generated Files\Debug</Filter>
    </ClCompile>
    <ClCompile Include="GeneratedFiles\Release\moc_fm_tool_widget.cpp">
      <Filter>Generated Files\Release</Filter>
    </ClCompile>
    <ClCompile Include="GeneratedFiles\Debug\moc_fm_content_widget.cpp">
      <Filter>Generated Files\Debug</Filter>
    </ClCompile>
    <ClCompile Include="GeneratedFiles\Release\moc_fm_content_widget.cpp">
      <Filter>Generated Files\Release</Filter>
    </ClCompile>
    <ClCompile Include="ui\fm_push_button.cpp">
      <Filter>Source Files</Filter>
    </ClCompile>
    <ClCompile Include="GeneratedFiles\Debug\moc_fm_push_button.cpp">
      <Filter>Generated Files\Debug</Filter>
    </ClCompile>
    <ClCompile Include="GeneratedFiles\Release\moc_fm_push_button.cpp">
      <Filter>Generated Files\Release</Filter>
    </ClCompile>
    <ClCompile Include="ui\fm_skin_widget.cpp">
      <Filter>Source Files</Filter>
    </ClCompile>
    <ClCompile Include="GeneratedFiles\Debug\moc_fm_skin_widget.cpp">
      <Filter>Generated Files\Debug</Filter>
    </ClCompile>
    <ClCompile Include="GeneratedFiles\Release\moc_fm_skin_widget.cpp">
      <Filter>Generated Files\Release</Filter>
    </ClCompile>
    <ClCompile Include="ui\fm_status_widget.cpp">
      <Filter>Source Files</Filter>
    </ClCompile>
    <ClCompile Include="GeneratedFiles\Debug\moc_fm_status_widget.cpp">
      <Filter>Generated Files\Debug</Filter>
    </ClCompile>
    <ClCompile Include="GeneratedFiles\Release\moc_fm_status_widget.cpp">
      <Filter>Generated Files\Release</Filter>
    </ClCompile>
    <ClCompile Include="ui\fm_sys_button.cpp">
      <Filter>Source Files</Filter>
    </ClCompile>
    <ClCompile Include="GeneratedFiles\Debug\moc_fm_sys_button.cpp">
      <Filter>Generated Files\Debug</Filter>
    </ClCompile>
    <ClCompile Include="GeneratedFiles\Release\moc_fm_sys_button.cpp">
      <Filter>Generated Files\Release</Filter>
    </ClCompile>
    <ClCompile Include="ui\fm_title_widget.cpp">
      <Filter>Source Files</Filter>
    </ClCompile>
    <ClCompile Include="GeneratedFiles\Debug\moc_fm_title_widget.cpp">
      <Filter>Generated Files\Debug</Filter>
    </ClCompile>
    <ClCompile Include="GeneratedFiles\Release\moc_fm_title_widget.cpp">
      <Filter>Generated Files\Release</Filter>
    </ClCompile>
    <ClCompile Include="ui\fm_tool_button.cpp">
      <Filter>Source Files</Filter>
    </ClCompile>
    <ClCompile Include="GeneratedFiles\Debug\moc_fm_tool_button.cpp">
      <Filter>Generated Files\Debug</Filter>
    </ClCompile>
    <ClCompile Include="GeneratedFiles\Release\moc_fm_tool_button.cpp">
      <Filter>Generated Files\Release</Filter>
    </ClCompile>
    <ClCompile Include="ui\fm_tool_widget.cpp">
      <Filter>Source Files</Filter>
    </ClCompile>
    <ClCompile Include="business\fm_picture_widget.cpp">
      <Filter>Source Files</Filter>
    </ClCompile>
    <ClCompile Include="GeneratedFiles\Debug\moc_fm_picture_widget.cpp">
      <Filter>Generated Files\Debug</Filter>
    </ClCompile>
    <ClCompile Include="GeneratedFiles\Release\moc_fm_picture_widget.cpp">
      <Filter>Generated Files\Release</Filter>
    </ClCompile>
  </ItemGroup>
  <ItemGroup>
    <CustomBuild Include="familymgr.qrc">
      <Filter>Resource Files</Filter>
    </CustomBuild>
    <CustomBuild Include="business\fm_main_widget.h">
      <Filter>Header Files</Filter>
    </CustomBuild>
    <CustomBuild Include="business\fm_account_widget.h">
      <Filter>Header Files</Filter>
    </CustomBuild>
    <CustomBuild Include="ui\fm_tool_widget.h">
      <Filter>Header Files</Filter>
    </CustomBuild>
    <CustomBuild Include="ui\fm_content_widget.h">
      <Filter>Header Files</Filter>
    </CustomBuild>
    <CustomBuild Include="ui\fm_push_button.h">
      <Filter>Header Files</Filter>
    </CustomBuild>
    <CustomBuild Include="ui\fm_skin_widget.h">
      <Filter>Header Files</Filter>
    </CustomBuild>
    <CustomBuild Include="ui\fm_status_widget.h">
      <Filter>Header Files</Filter>
    </CustomBuild>
    <CustomBuild Include="ui\fm_sys_button.h">
      <Filter>Header Files</Filter>
    </CustomBuild>
    <CustomBuild Include="ui\fm_title_widget.h">
      <Filter>Header Files</Filter>
    </CustomBuild>
    <CustomBuild Include="ui\fm_tool_button.h">
      <Filter>Header Files</Filter>
    </CustomBuild>
    <CustomBuild Include="business\fm_picture_widget.h">
      <Filter>Header Files</Filter>
    </CustomBuild>
    <CustomBuild Include="business\fm_account.ui">
      <Filter>Form Files</Filter>
    </CustomBuild>
  </ItemGroup>
  <ItemGroup>
    <None Include="Resources\img\skin_angry_bird.jpg" />
    <None Include="Resources\img\skin_angry_bird_small.jpg" />
    <None Include="Resources\img\skin_black_point.jpg" />
    <None Include="Resources\img\skin_black_point_small.jpg" />
    <None Include="Resources\img\skin_blue_sky.jpg" />
    <None Include="Resources\img\skin_blueSkySmall.jpg" />
    <None Include="Resources\img\skin_classic.jpg" />
    <None Include="Resources\img\skin_classic_small.jpg" />
    <None Include="Resources\img\skin_green_world.jpg" />
    <None Include="Resources\img\skin_green_world_small.jpg" />
    <None Include="Resources\img\skin_old_wood.jpg" />
    <None Include="Resources\img\skin_old_wood_small.jpg" />
    <None Include="Resources\img\skin_pink_love.jpg" />
    <None Include="Resources\img\skin_pink_love_small.jpg" />
    <None Include="Resources\img\skin_red_thunder.jpg" />
    <None Include="Resources\img\skin_red_thunder_small.jpg" />
    <None Include="Resources\img\skin_six_years.jpg" />
    <None Include="Resources\img\skin_six_years_small.jpg" />
    <None Include="Resources\img\sys_close.png" />
    <None Include="Resources\img\sys_logo.ico" />
    <None Include="Resources\img\sys_max.png" />
    <None Include="Resources\img\sys_min.png" />
    <None Include="Resources\img\sys_setting.png" />
    <None Include="Resources\img\sys_skin.png" />
    <None Include="Resources\img\tool_card.png" />
    <None Include="Resources\img\tool_diary.png" />
    <None Include="Resources\img\tool_media.png" />
    <None Include="Resources\img\tool_plan.png" />
    <None Include="Resources\img\tool_utility.png" />
  </ItemGroup>
  <ItemGroup>
    <ClInclude Include="GeneratedFiles\ui_fm_account.h">
      <Filter>Generated Files</Filter>
    </ClInclude>
  </ItemGroup>
</Project>